<?xml version="1.0" encoding="UTF-8"?>
<!DOCTYPE plist PUBLIC "-//Apple//DTD PLIST 1.0//EN" "http://www.apple.com/DTDs/PropertyList-1.0.dtd">
<plist version="1.0">
<dict>
	<key>archiveVersion</key>
	<string>1</string>
	<key>classes</key>
	<dict/>
	<key>objectVersion</key>
	<string>46</string>
	<key>objects</key>
	<dict>
		<key>0D2617D7CDF5466B9A9F0760</key>
		<dict>
			<key>buildActionMask</key>
			<string>2147483647</string>
			<key>files</key>
			<array/>
			<key>inputPaths</key>
			<array/>
			<key>isa</key>
			<string>PBXShellScriptBuildPhase</string>
			<key>name</key>
			<string>Check Pods Manifest.lock</string>
			<key>outputPaths</key>
			<array/>
			<key>runOnlyForDeploymentPostprocessing</key>
			<string>0</string>
			<key>shellPath</key>
			<string>/bin/sh</string>
			<key>shellScript</key>
			<string>diff "${PODS_ROOT}/../Podfile.lock" "${PODS_ROOT}/Manifest.lock" &gt; /dev/null
if [[ $? != 0 ]] ; then
    cat &lt;&lt; EOM
error: The sandbox is not in sync with the Podfile.lock. Run 'pod install' or update your CocoaPods installation.
EOM
    exit 1
fi
</string>
			<key>showEnvVarsInLog</key>
			<string>0</string>
		</dict>
		<key>0E3CF61918CF321F000EC5F2</key>
		<dict>
			<key>isa</key>
			<string>PBXFileReference</string>
			<key>lastKnownFileType</key>
			<string>wrapper.framework</string>
			<key>name</key>
			<string>MapKit.framework</string>
			<key>path</key>
			<string>System/Library/Frameworks/MapKit.framework</string>
			<key>sourceTree</key>
			<string>SDKROOT</string>
		</dict>
		<key>0E3CF61A18CF321F000EC5F2</key>
		<dict>
			<key>fileRef</key>
			<string>0E3CF61918CF321F000EC5F2</string>
			<key>isa</key>
			<string>PBXBuildFile</string>
		</dict>
		<key>0E3D5897180467550000E3A0</key>
		<dict>
			<key>fileEncoding</key>
			<string>4</string>
			<key>isa</key>
			<string>PBXFileReference</string>
			<key>lastKnownFileType</key>
			<string>sourcecode.c.h</string>
			<key>name</key>
			<string>MWGridViewController.h</string>
			<key>path</key>
			<string>Classes/MWGridViewController.h</string>
			<key>sourceTree</key>
			<string>SOURCE_ROOT</string>
		</dict>
		<key>0E3D5898180467550000E3A0</key>
		<dict>
			<key>fileEncoding</key>
			<string>4</string>
			<key>isa</key>
			<string>PBXFileReference</string>
			<key>lastKnownFileType</key>
			<string>sourcecode.c.objc</string>
			<key>name</key>
			<string>MWGridViewController.m</string>
			<key>path</key>
			<string>Classes/MWGridViewController.m</string>
			<key>sourceTree</key>
			<string>SOURCE_ROOT</string>
		</dict>
		<key>0E3D5899180467550000E3A0</key>
		<dict>
			<key>fileRef</key>
			<string>0E3D5897180467550000E3A0</string>
			<key>isa</key>
			<string>PBXBuildFile</string>
		</dict>
		<key>0E3D589A180467550000E3A0</key>
		<dict>
			<key>fileRef</key>
			<string>0E3D5898180467550000E3A0</string>
			<key>isa</key>
			<string>PBXBuildFile</string>
		</dict>
		<key>0E3D58D418047B600000E3A0</key>
		<dict>
			<key>fileEncoding</key>
			<string>4</string>
			<key>isa</key>
			<string>PBXFileReference</string>
			<key>lastKnownFileType</key>
			<string>sourcecode.c.h</string>
			<key>name</key>
			<string>MWGridCell.h</string>
			<key>path</key>
			<string>Classes/MWGridCell.h</string>
			<key>sourceTree</key>
			<string>SOURCE_ROOT</string>
		</dict>
		<key>0E3D58D518047B600000E3A0</key>
		<dict>
			<key>fileEncoding</key>
			<string>4</string>
			<key>isa</key>
			<string>PBXFileReference</string>
			<key>lastKnownFileType</key>
			<string>sourcecode.c.objc</string>
			<key>name</key>
			<string>MWGridCell.m</string>
			<key>path</key>
			<string>Classes/MWGridCell.m</string>
			<key>sourceTree</key>
			<string>SOURCE_ROOT</string>
		</dict>
		<key>0E3D58D618047B600000E3A0</key>
		<dict>
			<key>fileRef</key>
			<string>0E3D58D418047B600000E3A0</string>
			<key>isa</key>
			<string>PBXBuildFile</string>
		</dict>
		<key>0E3D58D718047B600000E3A0</key>
		<dict>
			<key>fileRef</key>
			<string>0E3D58D518047B600000E3A0</string>
			<key>isa</key>
			<string>PBXBuildFile</string>
		</dict>
		<key>0E3D58D818047D0B0000E3A0</key>
		<dict>
			<key>fileEncoding</key>
			<string>4</string>
			<key>isa</key>
			<string>PBXFileReference</string>
			<key>lastKnownFileType</key>
			<string>sourcecode.c.h</string>
			<key>name</key>
			<string>MWPhotoBrowserPrivate.h</string>
			<key>path</key>
			<string>Classes/MWPhotoBrowserPrivate.h</string>
			<key>sourceTree</key>
			<string>SOURCE_ROOT</string>
		</dict>
		<key>0E3D58DA18047D0B0000E3A0</key>
		<dict>
			<key>fileRef</key>
			<string>0E3D58D818047D0B0000E3A0</string>
			<key>isa</key>
			<string>PBXBuildFile</string>
		</dict>
		<key>0E8515C317FC780500FE1EF3</key>
		<dict>
			<key>isa</key>
			<string>PBXFileReference</string>
			<key>lastKnownFileType</key>
			<string>wrapper.framework</string>
			<key>name</key>
			<string>QuartzCore.framework</string>
			<key>path</key>
			<string>System/Library/Frameworks/QuartzCore.framework</string>
			<key>sourceTree</key>
			<string>SDKROOT</string>
		</dict>
		<key>0E8515C417FC780500FE1EF3</key>
		<dict>
			<key>fileRef</key>
			<string>0E8515C317FC780500FE1EF3</string>
			<key>isa</key>
			<string>PBXBuildFile</string>
		</dict>
		<key>0E8515C917FCB05B00FE1EF3</key>
		<dict>
			<key>isa</key>
			<string>PBXFileReference</string>
			<key>lastKnownFileType</key>
			<string>wrapper.framework</string>
			<key>name</key>
			<string>AssetsLibrary.framework</string>
			<key>path</key>
			<string>System/Library/Frameworks/AssetsLibrary.framework</string>
			<key>sourceTree</key>
			<string>SDKROOT</string>
		</dict>
		<key>0E8515CA17FCB05B00FE1EF3</key>
		<dict>
			<key>fileRef</key>
			<string>0E8515C917FCB05B00FE1EF3</string>
			<key>isa</key>
			<string>PBXBuildFile</string>
			<key>settings</key>
			<dict>
				<key>ATTRIBUTES</key>
				<array>
					<string>Required</string>
				</array>
			</dict>
		</dict>
		<key>0EA380321573EA4B003F4582</key>
		<dict>
			<key>isa</key>
			<string>PBXFileReference</string>
			<key>lastKnownFileType</key>
			<string>wrapper.framework</string>
			<key>name</key>
			<string>ImageIO.framework</string>
			<key>path</key>
			<string>System/Library/Frameworks/ImageIO.framework</string>
			<key>sourceTree</key>
			<string>SDKROOT</string>
		</dict>
		<key>0EA380331573EA4B003F4582</key>
		<dict>
			<key>fileRef</key>
			<string>0EA380321573EA4B003F4582</string>
			<key>isa</key>
			<string>PBXBuildFile</string>
		</dict>
		<key>0EFEA24B17FB08B400E451B6</key>
		<dict>
			<key>fileEncoding</key>
			<string>4</string>
			<key>isa</key>
			<string>PBXFileReference</string>
			<key>lastKnownFileType</key>
			<string>sourcecode.c.h</string>
			<key>name</key>
			<string>MWCommon.h</string>
			<key>path</key>
			<string>Classes/MWCommon.h</string>
			<key>sourceTree</key>
			<string>SOURCE_ROOT</string>
		</dict>
		<key>0EFEA24D17FB08B400E451B6</key>
		<dict>
			<key>fileRef</key>
			<string>0EFEA24B17FB08B400E451B6</string>
			<key>isa</key>
			<string>PBXBuildFile</string>
		</dict>
		<key>32E658A3AB9D4749B19534A9</key>
		<dict>
			<key>includeInIndex</key>
			<string>1</string>
			<key>isa</key>
			<string>PBXFileReference</string>
			<key>lastKnownFileType</key>
			<string>text.xcconfig</string>
			<key>name</key>
			<string>Pods.xcconfig</string>
			<key>path</key>
			<string>Pods/Pods.xcconfig</string>
			<key>sourceTree</key>
			<string>&lt;group&gt;</string>
		</dict>
		<key>4C4FB12A14AF8A78000A5F46</key>
		<dict>
			<key>buildSettings</key>
			<dict>
				<key>ALWAYS_SEARCH_USER_PATHS</key>
				<string>NO</string>
				<key>CLANG_WARN_BOOL_CONVERSION</key>
				<string>YES</string>
				<key>CLANG_WARN_CONSTANT_CONVERSION</key>
				<string>YES</string>
				<key>CLANG_WARN_EMPTY_BODY</key>
				<string>YES</string>
				<key>CLANG_WARN_ENUM_CONVERSION</key>
				<string>YES</string>
				<key>CLANG_WARN_INT_CONVERSION</key>
				<string>YES</string>
				<key>CLANG_WARN__DUPLICATE_METHOD_MATCH</key>
				<string>YES</string>
				<key>COPY_PHASE_STRIP</key>
				<string>YES</string>
				<key>GCC_C_LANGUAGE_STANDARD</key>
				<string>gnu99</string>
				<key>GCC_VERSION</key>
				<string>com.apple.compilers.llvm.clang.1_0</string>
				<key>GCC_WARN_64_TO_32_BIT_CONVERSION</key>
				<string>YES</string>
				<key>GCC_WARN_ABOUT_MISSING_PROTOTYPES</key>
				<string>YES</string>
				<key>GCC_WARN_ABOUT_RETURN_TYPE</key>
				<string>YES</string>
				<key>GCC_WARN_UNDECLARED_SELECTOR</key>
				<string>YES</string>
				<key>GCC_WARN_UNINITIALIZED_AUTOS</key>
				<string>YES</string>
				<key>GCC_WARN_UNUSED_FUNCTION</key>
				<string>YES</string>
				<key>GCC_WARN_UNUSED_VARIABLE</key>
				<string>YES</string>
				<key>IPHONEOS_DEPLOYMENT_TARGET</key>
				<string>6.0</string>
				<key>SDKROOT</key>
				<string>iphoneos</string>
				<key>VALIDATE_PRODUCT</key>
				<string>YES</string>
			</dict>
			<key>isa</key>
			<string>XCBuildConfiguration</string>
			<key>name</key>
			<string>Distribution</string>
		</dict>
		<key>4C4FB12B14AF8A78000A5F46</key>
		<dict>
			<key>baseConfigurationReference</key>
			<string>32E658A3AB9D4749B19534A9</string>
			<key>buildSettings</key>
			<dict>
				<key>CLANG_ENABLE_OBJC_ARC</key>
				<string>YES</string>
				<key>DSTROOT</key>
				<string>/tmp/MWPhotoBrowser.dst</string>
				<key>GCC_PRECOMPILE_PREFIX_HEADER</key>
				<string>YES</string>
				<key>GCC_PREFIX_HEADER</key>
				<string>MWPhotoBrowser-Prefix.pch</string>
				<key>PRODUCT_NAME</key>
				<string>$(TARGET_NAME)</string>
				<key>SKIP_INSTALL</key>
				<string>YES</string>
			</dict>
			<key>isa</key>
			<string>XCBuildConfiguration</string>
			<key>name</key>
			<string>Distribution</string>
		</dict>
		<key>4C6F96B914AF704100F8389A</key>
		<dict>
			<key>children</key>
			<array>
				<string>4C6F96C914AF704100F8389A</string>
				<string>4C6F97E114AF7CCE00F8389A</string>
				<string>4C6F96C614AF704100F8389A</string>
				<string>4C6F96C514AF704100F8389A</string>
				<string>32E658A3AB9D4749B19534A9</string>
			</array>
			<key>isa</key>
			<string>PBXGroup</string>
			<key>sourceTree</key>
			<string>&lt;group&gt;</string>
		</dict>
		<key>4C6F96BB14AF704100F8389A</key>
		<dict>
			<key>attributes</key>
			<dict>
				<key>LastUpgradeCheck</key>
				<string>0510</string>
			</dict>
			<key>buildConfigurationList</key>
			<string>4C6F96BE14AF704100F8389A</string>
			<key>compatibilityVersion</key>
			<string>Xcode 3.2</string>
			<key>developmentRegion</key>
			<string>English</string>
			<key>hasScannedForEncodings</key>
			<string>0</string>
			<key>isa</key>
			<string>PBXProject</string>
			<key>knownRegions</key>
			<array>
				<string>en</string>
			</array>
			<key>mainGroup</key>
			<string>4C6F96B914AF704100F8389A</string>
			<key>productRefGroup</key>
			<string>4C6F96C514AF704100F8389A</string>
			<key>projectDirPath</key>
			<string></string>
			<key>projectReferences</key>
			<array/>
			<key>projectRoot</key>
			<string></string>
			<key>targets</key>
			<array>
				<string>4C6F96C314AF704100F8389A</string>
			</array>
		</dict>
		<key>4C6F96BE14AF704100F8389A</key>
		<dict>
			<key>buildConfigurations</key>
			<array>
				<string>4C6F96CF14AF704100F8389A</string>
				<string>4C6F96D014AF704100F8389A</string>
				<string>4C4FB12A14AF8A78000A5F46</string>
			</array>
			<key>defaultConfigurationIsVisible</key>
			<string>0</string>
			<key>defaultConfigurationName</key>
			<string>Release</string>
			<key>isa</key>
			<string>XCConfigurationList</string>
		</dict>
		<key>4C6F96C014AF704100F8389A</key>
		<dict>
			<key>buildActionMask</key>
			<string>2147483647</string>
			<key>files</key>
			<array>
				<string>0E3D589A180467550000E3A0</string>
				<string>4C6F96E314AF70BD00F8389A</string>
				<string>4C6F96E514AF70BD00F8389A</string>
				<string>4C6F96E714AF70BD00F8389A</string>
				<string>0E3D58D718047B600000E3A0</string>
				<string>4C6F96E914AF70BD00F8389A</string>
				<string>4C6F96EB14AF70BD00F8389A</string>
				<string>4C6F96ED14AF70BD00F8389A</string>
			</array>
			<key>isa</key>
			<string>PBXSourcesBuildPhase</string>
			<key>runOnlyForDeploymentPostprocessing</key>
			<string>0</string>
		</dict>
		<key>4C6F96C114AF704100F8389A</key>
		<dict>
			<key>buildActionMask</key>
			<string>2147483647</string>
			<key>files</key>
			<array>
				<string>0E3CF61A18CF321F000EC5F2</string>
				<string>0E8515CA17FCB05B00FE1EF3</string>
				<string>0E8515C417FC780500FE1EF3</string>
				<string>0EA380331573EA4B003F4582</string>
				<string>4C6F97C714AF74E200F8389A</string>
				<string>4C6F96C814AF704100F8389A</string>
				<string>FB0FBAC6534A4EE3824529EE</string>
			</array>
			<key>isa</key>
			<string>PBXFrameworksBuildPhase</string>
			<key>runOnlyForDeploymentPostprocessing</key>
			<string>0</string>
		</dict>
		<key>4C6F96C214AF704100F8389A</key>
		<dict>
			<key>buildActionMask</key>
			<string>2147483647</string>
			<key>files</key>
			<array>
				<string>4C6F96E214AF70BD00F8389A</string>
				<string>4C6F96E414AF70BD00F8389A</string>
				<string>4C6F96E614AF70BD00F8389A</string>
				<string>0E3D5899180467550000E3A0</string>
				<string>4C6F96E814AF70BD00F8389A</string>
				<string>4C6F96EA14AF70BD00F8389A</string>
				<string>4C6F96EC14AF70BD00F8389A</string>
				<string>0E3D58D618047B600000E3A0</string>
				<string>4CB08BA314B1F38700730E9F</string>
				<string>0EFEA24D17FB08B400E451B6</string>
				<string>0E3D58DA18047D0B0000E3A0</string>
			</array>
			<key>isa</key>
			<string>PBXHeadersBuildPhase</string>
			<key>runOnlyForDeploymentPostprocessing</key>
			<string>0</string>
		</dict>
		<key>4C6F96C314AF704100F8389A</key>
		<dict>
			<key>buildConfigurationList</key>
			<string>4C6F96D114AF704100F8389A</string>
			<key>buildPhases</key>
			<array>
				<string>0D2617D7CDF5466B9A9F0760</string>
				<string>4C6F96C014AF704100F8389A</string>
				<string>4C6F96C114AF704100F8389A</string>
				<string>4C6F96C214AF704100F8389A</string>
				<string>5ABC989E63054455846AA3A0</string>
			</array>
			<key>buildRules</key>
			<array/>
			<key>dependencies</key>
			<array/>
			<key>isa</key>
			<string>PBXNativeTarget</string>
			<key>name</key>
			<string>MWPhotoBrowser</string>
			<key>productName</key>
			<string>MWPhotoBrowser</string>
			<key>productReference</key>
			<string>4C6F96C414AF704100F8389A</string>
			<key>productType</key>
			<string>com.apple.product-type.library.static</string>
		</dict>
		<key>4C6F96C414AF704100F8389A</key>
		<dict>
			<key>explicitFileType</key>
			<string>archive.ar</string>
			<key>includeInIndex</key>
			<string>0</string>
			<key>isa</key>
			<string>PBXFileReference</string>
			<key>path</key>
			<string>libMWPhotoBrowser.a</string>
			<key>sourceTree</key>
			<string>BUILT_PRODUCTS_DIR</string>
		</dict>
		<key>4C6F96C514AF704100F8389A</key>
		<dict>
			<key>children</key>
			<array>
				<string>4C6F96C414AF704100F8389A</string>
			</array>
			<key>isa</key>
			<string>PBXGroup</string>
			<key>name</key>
			<string>Products</string>
			<key>sourceTree</key>
			<string>&lt;group&gt;</string>
		</dict>
		<key>4C6F96C614AF704100F8389A</key>
		<dict>
			<key>children</key>
			<array>
				<string>0E3CF61918CF321F000EC5F2</string>
				<string>0E8515C917FCB05B00FE1EF3</string>
				<string>0E8515C317FC780500FE1EF3</string>
				<string>0EA380321573EA4B003F4582</string>
				<string>4C6F97C614AF74E200F8389A</string>
				<string>4C6F96C714AF704100F8389A</string>
				<string>F1A70F6B34E74081866C5CC2</string>
			</array>
			<key>isa</key>
			<string>PBXGroup</string>
			<key>name</key>
			<string>Frameworks</string>
			<key>sourceTree</key>
			<string>&lt;group&gt;</string>
		</dict>
		<key>4C6F96C714AF704100F8389A</key>
		<dict>
			<key>isa</key>
			<string>PBXFileReference</string>
			<key>lastKnownFileType</key>
			<string>wrapper.framework</string>
			<key>name</key>
			<string>Foundation.framework</string>
			<key>path</key>
			<string>System/Library/Frameworks/Foundation.framework</string>
			<key>sourceTree</key>
			<string>SDKROOT</string>
		</dict>
		<key>4C6F96C814AF704100F8389A</key>
		<dict>
			<key>fileRef</key>
			<string>4C6F96C714AF704100F8389A</string>
			<key>isa</key>
			<string>PBXBuildFile</string>
		</dict>
		<key>4C6F96C914AF704100F8389A</key>
		<dict>
			<key>children</key>
			<array>
				<string>0EFEA24B17FB08B400E451B6</string>
				<string>4C6F96DA14AF70BD00F8389A</string>
				<string>0E3D58D818047D0B0000E3A0</string>
				<string>4C6F96DB14AF70BD00F8389A</string>
				<string>0E3D5897180467550000E3A0</string>
				<string>0E3D5898180467550000E3A0</string>
				<string>4C6F96D814AF70BD00F8389A</string>
				<string>4C6F96D914AF70BD00F8389A</string>
				<string>4CB08BA214B1F38700730E9F</string>
				<string>4C6F96D614AF70BD00F8389A</string>
				<string>4C6F96D714AF70BD00F8389A</string>
				<string>4C6F96EF14AF70DC00F8389A</string>
				<string>4C6F96EE14AF70BF00F8389A</string>
			</array>
			<key>isa</key>
			<string>PBXGroup</string>
			<key>path</key>
			<string>MWPhotoBrowser</string>
			<key>sourceTree</key>
			<string>&lt;group&gt;</string>
		</dict>
		<key>4C6F96CB14AF704100F8389A</key>
		<dict>
			<key>isa</key>
			<string>PBXFileReference</string>
			<key>lastKnownFileType</key>
			<string>sourcecode.c.h</string>
			<key>path</key>
			<string>MWPhotoBrowser-Prefix.pch</string>
			<key>sourceTree</key>
			<string>SOURCE_ROOT</string>
		</dict>
		<key>4C6F96CF14AF704100F8389A</key>
		<dict>
			<key>buildSettings</key>
			<dict>
				<key>ALWAYS_SEARCH_USER_PATHS</key>
				<string>NO</string>
				<key>CLANG_WARN_BOOL_CONVERSION</key>
				<string>YES</string>
				<key>CLANG_WARN_CONSTANT_CONVERSION</key>
				<string>YES</string>
				<key>CLANG_WARN_EMPTY_BODY</key>
				<string>YES</string>
				<key>CLANG_WARN_ENUM_CONVERSION</key>
				<string>YES</string>
				<key>CLANG_WARN_INT_CONVERSION</key>
				<string>YES</string>
				<key>CLANG_WARN__DUPLICATE_METHOD_MATCH</key>
				<string>YES</string>
				<key>COPY_PHASE_STRIP</key>
				<string>NO</string>
				<key>GCC_C_LANGUAGE_STANDARD</key>
				<string>gnu99</string>
				<key>GCC_DYNAMIC_NO_PIC</key>
				<string>NO</string>
				<key>GCC_OPTIMIZATION_LEVEL</key>
				<string>0</string>
				<key>GCC_PREPROCESSOR_DEFINITIONS</key>
				<array>
					<string>DEBUG=1</string>
					<string>$(inherited)</string>
				</array>
				<key>GCC_SYMBOLS_PRIVATE_EXTERN</key>
				<string>NO</string>
				<key>GCC_VERSION</key>
				<string>com.apple.compilers.llvm.clang.1_0</string>
				<key>GCC_WARN_64_TO_32_BIT_CONVERSION</key>
				<string>YES</string>
				<key>GCC_WARN_ABOUT_MISSING_PROTOTYPES</key>
				<string>YES</string>
				<key>GCC_WARN_ABOUT_RETURN_TYPE</key>
				<string>YES</string>
				<key>GCC_WARN_UNDECLARED_SELECTOR</key>
				<string>YES</string>
				<key>GCC_WARN_UNINITIALIZED_AUTOS</key>
				<string>YES</string>
				<key>GCC_WARN_UNUSED_FUNCTION</key>
				<string>YES</string>
				<key>GCC_WARN_UNUSED_VARIABLE</key>
				<string>YES</string>
				<key>IPHONEOS_DEPLOYMENT_TARGET</key>
				<string>6.0</string>
				<key>ONLY_ACTIVE_ARCH</key>
				<string>YES</string>
				<key>SDKROOT</key>
				<string>iphoneos</string>
			</dict>
			<key>isa</key>
			<string>XCBuildConfiguration</string>
			<key>name</key>
			<string>Debug</string>
		</dict>
		<key>4C6F96D014AF704100F8389A</key>
		<dict>
			<key>buildSettings</key>
			<dict>
				<key>ALWAYS_SEARCH_USER_PATHS</key>
				<string>NO</string>
				<key>CLANG_WARN_BOOL_CONVERSION</key>
				<string>YES</string>
				<key>CLANG_WARN_CONSTANT_CONVERSION</key>
				<string>YES</string>
				<key>CLANG_WARN_EMPTY_BODY</key>
				<string>YES</string>
				<key>CLANG_WARN_ENUM_CONVERSION</key>
				<string>YES</string>
				<key>CLANG_WARN_INT_CONVERSION</key>
				<string>YES</string>
				<key>CLANG_WARN__DUPLICATE_METHOD_MATCH</key>
				<string>YES</string>
				<key>COPY_PHASE_STRIP</key>
				<string>YES</string>
				<key>GCC_C_LANGUAGE_STANDARD</key>
				<string>gnu99</string>
				<key>GCC_VERSION</key>
				<string>com.apple.compilers.llvm.clang.1_0</string>
				<key>GCC_WARN_64_TO_32_BIT_CONVERSION</key>
				<string>YES</string>
				<key>GCC_WARN_ABOUT_MISSING_PROTOTYPES</key>
				<string>YES</string>
				<key>GCC_WARN_ABOUT_RETURN_TYPE</key>
				<string>YES</string>
				<key>GCC_WARN_UNDECLARED_SELECTOR</key>
				<string>YES</string>
				<key>GCC_WARN_UNINITIALIZED_AUTOS</key>
				<string>YES</string>
				<key>GCC_WARN_UNUSED_FUNCTION</key>
				<string>YES</string>
				<key>GCC_WARN_UNUSED_VARIABLE</key>
				<string>YES</string>
				<key>IPHONEOS_DEPLOYMENT_TARGET</key>
				<string>6.0</string>
				<key>SDKROOT</key>
				<string>iphoneos</string>
				<key>VALIDATE_PRODUCT</key>
				<string>YES</string>
			</dict>
			<key>isa</key>
			<string>XCBuildConfiguration</string>
			<key>name</key>
			<string>Release</string>
		</dict>
		<key>4C6F96D114AF704100F8389A</key>
		<dict>
			<key>buildConfigurations</key>
			<array>
				<string>4C6F96D214AF704100F8389A</string>
				<string>4C6F96D314AF704100F8389A</string>
				<string>4C4FB12B14AF8A78000A5F46</string>
			</array>
			<key>defaultConfigurationIsVisible</key>
			<string>0</string>
			<key>defaultConfigurationName</key>
			<string>Release</string>
			<key>isa</key>
			<string>XCConfigurationList</string>
		</dict>
		<key>4C6F96D214AF704100F8389A</key>
		<dict>
			<key>baseConfigurationReference</key>
			<string>32E658A3AB9D4749B19534A9</string>
			<key>buildSettings</key>
			<dict>
				<key>CLANG_ENABLE_OBJC_ARC</key>
				<string>YES</string>
				<key>DSTROOT</key>
				<string>/tmp/MWPhotoBrowser.dst</string>
				<key>GCC_PRECOMPILE_PREFIX_HEADER</key>
				<string>YES</string>
				<key>GCC_PREFIX_HEADER</key>
				<string>MWPhotoBrowser-Prefix.pch</string>
				<key>PRODUCT_NAME</key>
				<string>$(TARGET_NAME)</string>
				<key>SKIP_INSTALL</key>
				<string>YES</string>
			</dict>
			<key>isa</key>
			<string>XCBuildConfiguration</string>
			<key>name</key>
			<string>Debug</string>
		</dict>
		<key>4C6F96D314AF704100F8389A</key>
		<dict>
			<key>baseConfigurationReference</key>
			<string>32E658A3AB9D4749B19534A9</string>
			<key>buildSettings</key>
			<dict>
				<key>CLANG_ENABLE_OBJC_ARC</key>
				<string>YES</string>
				<key>DSTROOT</key>
				<string>/tmp/MWPhotoBrowser.dst</string>
				<key>GCC_PRECOMPILE_PREFIX_HEADER</key>
				<string>YES</string>
				<key>GCC_PREFIX_HEADER</key>
				<string>MWPhotoBrowser-Prefix.pch</string>
				<key>PRODUCT_NAME</key>
				<string>$(TARGET_NAME)</string>
				<key>SKIP_INSTALL</key>
				<string>YES</string>
			</dict>
			<key>isa</key>
			<string>XCBuildConfiguration</string>
			<key>name</key>
			<string>Release</string>
		</dict>
		<key>4C6F96D614AF70BD00F8389A</key>
		<dict>
			<key>fileEncoding</key>
			<string>4</string>
			<key>isa</key>
			<string>PBXFileReference</string>
			<key>lastKnownFileType</key>
			<string>sourcecode.c.h</string>
			<key>name</key>
			<string>MWCaptionView.h</string>
			<key>path</key>
			<string>Classes/MWCaptionView.h</string>
			<key>sourceTree</key>
			<string>SOURCE_ROOT</string>
		</dict>
		<key>4C6F96D714AF70BD00F8389A</key>
		<dict>
			<key>fileEncoding</key>
			<string>4</string>
			<key>isa</key>
			<string>PBXFileReference</string>
			<key>lastKnownFileType</key>
			<string>sourcecode.c.objc</string>
			<key>name</key>
			<string>MWCaptionView.m</string>
			<key>path</key>
			<string>Classes/MWCaptionView.m</string>
			<key>sourceTree</key>
			<string>SOURCE_ROOT</string>
		</dict>
		<key>4C6F96D814AF70BD00F8389A</key>
		<dict>
			<key>fileEncoding</key>
			<string>4</string>
			<key>isa</key>
			<string>PBXFileReference</string>
			<key>lastKnownFileType</key>
			<string>sourcecode.c.h</string>
			<key>name</key>
			<string>MWPhoto.h</string>
			<key>path</key>
			<string>Classes/MWPhoto.h</string>
			<key>sourceTree</key>
			<string>SOURCE_ROOT</string>
		</dict>
		<key>4C6F96D914AF70BD00F8389A</key>
		<dict>
			<key>fileEncoding</key>
			<string>4</string>
			<key>isa</key>
			<string>PBXFileReference</string>
			<key>lastKnownFileType</key>
			<string>sourcecode.c.objc</string>
			<key>name</key>
			<string>MWPhoto.m</string>
			<key>path</key>
			<string>Classes/MWPhoto.m</string>
			<key>sourceTree</key>
			<string>SOURCE_ROOT</string>
		</dict>
		<key>4C6F96DA14AF70BD00F8389A</key>
		<dict>
			<key>fileEncoding</key>
			<string>4</string>
			<key>isa</key>
			<string>PBXFileReference</string>
			<key>lastKnownFileType</key>
			<string>sourcecode.c.h</string>
			<key>name</key>
			<string>MWPhotoBrowser.h</string>
			<key>path</key>
			<string>Classes/MWPhotoBrowser.h</string>
			<key>sourceTree</key>
			<string>SOURCE_ROOT</string>
		</dict>
		<key>4C6F96DB14AF70BD00F8389A</key>
		<dict>
			<key>fileEncoding</key>
			<string>4</string>
			<key>isa</key>
			<string>PBXFileReference</string>
			<key>lastKnownFileType</key>
			<string>sourcecode.c.objc</string>
			<key>name</key>
			<string>MWPhotoBrowser.m</string>
			<key>path</key>
			<string>Classes/MWPhotoBrowser.m</string>
			<key>sourceTree</key>
			<string>SOURCE_ROOT</string>
		</dict>
		<key>4C6F96DC14AF70BD00F8389A</key>
		<dict>
			<key>fileEncoding</key>
			<string>4</string>
			<key>isa</key>
			<string>PBXFileReference</string>
			<key>lastKnownFileType</key>
			<string>sourcecode.c.h</string>
			<key>name</key>
			<string>MWTapDetectingImageView.h</string>
			<key>path</key>
			<string>Classes/MWTapDetectingImageView.h</string>
			<key>sourceTree</key>
			<string>SOURCE_ROOT</string>
		</dict>
		<key>4C6F96DD14AF70BD00F8389A</key>
		<dict>
			<key>fileEncoding</key>
			<string>4</string>
			<key>isa</key>
			<string>PBXFileReference</string>
			<key>lastKnownFileType</key>
			<string>sourcecode.c.objc</string>
			<key>name</key>
			<string>MWTapDetectingImageView.m</string>
			<key>path</key>
			<string>Classes/MWTapDetectingImageView.m</string>
			<key>sourceTree</key>
			<string>SOURCE_ROOT</string>
		</dict>
		<key>4C6F96DE14AF70BD00F8389A</key>
		<dict>
			<key>fileEncoding</key>
			<string>4</string>
			<key>isa</key>
			<string>PBXFileReference</string>
			<key>lastKnownFileType</key>
			<string>sourcecode.c.h</string>
			<key>name</key>
			<string>MWTapDetectingView.h</string>
			<key>path</key>
			<string>Classes/MWTapDetectingView.h</string>
			<key>sourceTree</key>
			<string>SOURCE_ROOT</string>
		</dict>
		<key>4C6F96DF14AF70BD00F8389A</key>
		<dict>
			<key>fileEncoding</key>
			<string>4</string>
			<key>isa</key>
			<string>PBXFileReference</string>
			<key>lastKnownFileType</key>
			<string>sourcecode.c.objc</string>
			<key>name</key>
			<string>MWTapDetectingView.m</string>
			<key>path</key>
			<string>Classes/MWTapDetectingView.m</string>
			<key>sourceTree</key>
			<string>SOURCE_ROOT</string>
		</dict>
		<key>4C6F96E014AF70BD00F8389A</key>
		<dict>
			<key>fileEncoding</key>
			<string>4</string>
			<key>isa</key>
			<string>PBXFileReference</string>
			<key>lastKnownFileType</key>
			<string>sourcecode.c.h</string>
			<key>name</key>
			<string>MWZoomingScrollView.h</string>
			<key>path</key>
			<string>Classes/MWZoomingScrollView.h</string>
			<key>sourceTree</key>
			<string>SOURCE_ROOT</string>
		</dict>
		<key>4C6F96E114AF70BD00F8389A</key>
		<dict>
			<key>fileEncoding</key>
			<string>4</string>
			<key>isa</key>
			<string>PBXFileReference</string>
			<key>lastKnownFileType</key>
			<string>sourcecode.c.objc</string>
			<key>name</key>
			<string>MWZoomingScrollView.m</string>
			<key>path</key>
			<string>Classes/MWZoomingScrollView.m</string>
			<key>sourceTree</key>
			<string>SOURCE_ROOT</string>
		</dict>
		<key>4C6F96E214AF70BD00F8389A</key>
		<dict>
			<key>fileRef</key>
			<string>4C6F96D614AF70BD00F8389A</string>
			<key>isa</key>
			<string>PBXBuildFile</string>
		</dict>
		<key>4C6F96E314AF70BD00F8389A</key>
		<dict>
			<key>fileRef</key>
			<string>4C6F96D714AF70BD00F8389A</string>
			<key>isa</key>
			<string>PBXBuildFile</string>
		</dict>
		<key>4C6F96E414AF70BD00F8389A</key>
		<dict>
			<key>fileRef</key>
			<string>4C6F96D814AF70BD00F8389A</string>
			<key>isa</key>
			<string>PBXBuildFile</string>
			<key>settings</key>
			<dict>
				<key>ATTRIBUTES</key>
				<array/>
			</dict>
		</dict>
		<key>4C6F96E514AF70BD00F8389A</key>
		<dict>
			<key>fileRef</key>
			<string>4C6F96D914AF70BD00F8389A</string>
			<key>isa</key>
			<string>PBXBuildFile</string>
		</dict>
		<key>4C6F96E614AF70BD00F8389A</key>
		<dict>
			<key>fileRef</key>
			<string>4C6F96DA14AF70BD00F8389A</string>
			<key>isa</key>
			<string>PBXBuildFile</string>
			<key>settings</key>
			<dict>
				<key>ATTRIBUTES</key>
				<array/>
			</dict>
		</dict>
		<key>4C6F96E714AF70BD00F8389A</key>
		<dict>
			<key>fileRef</key>
			<string>4C6F96DB14AF70BD00F8389A</string>
			<key>isa</key>
			<string>PBXBuildFile</string>
		</dict>
		<key>4C6F96E814AF70BD00F8389A</key>
		<dict>
			<key>fileRef</key>
			<string>4C6F96DC14AF70BD00F8389A</string>
			<key>isa</key>
			<string>PBXBuildFile</string>
		</dict>
		<key>4C6F96E914AF70BD00F8389A</key>
		<dict>
			<key>fileRef</key>
			<string>4C6F96DD14AF70BD00F8389A</string>
			<key>isa</key>
			<string>PBXBuildFile</string>
		</dict>
		<key>4C6F96EA14AF70BD00F8389A</key>
		<dict>
			<key>fileRef</key>
			<string>4C6F96DE14AF70BD00F8389A</string>
			<key>isa</key>
			<string>PBXBuildFile</string>
		</dict>
		<key>4C6F96EB14AF70BD00F8389A</key>
		<dict>
			<key>fileRef</key>
			<string>4C6F96DF14AF70BD00F8389A</string>
			<key>isa</key>
			<string>PBXBuildFile</string>
		</dict>
		<key>4C6F96EC14AF70BD00F8389A</key>
		<dict>
			<key>fileRef</key>
			<string>4C6F96E014AF70BD00F8389A</string>
			<key>isa</key>
			<string>PBXBuildFile</string>
		</dict>
		<key>4C6F96ED14AF70BD00F8389A</key>
		<dict>
			<key>fileRef</key>
			<string>4C6F96E114AF70BD00F8389A</string>
			<key>isa</key>
			<string>PBXBuildFile</string>
		</dict>
		<key>4C6F96EE14AF70BF00F8389A</key>
		<dict>
			<key>children</key>
			<array>
				<string>0E3D58D418047B600000E3A0</string>
				<string>0E3D58D518047B600000E3A0</string>
				<string>4C6F96E014AF70BD00F8389A</string>
				<string>4C6F96E114AF70BD00F8389A</string>
				<string>4C6F96DC14AF70BD00F8389A</string>
				<string>4C6F96DD14AF70BD00F8389A</string>
				<string>4C6F96DE14AF70BD00F8389A</string>
				<string>4C6F96DF14AF70BD00F8389A</string>
			</array>
			<key>isa</key>
			<string>PBXGroup</string>
			<key>name</key>
			<string>Other</string>
			<key>sourceTree</key>
			<string>&lt;group&gt;</string>
		</dict>
		<key>4C6F96EF14AF70DC00F8389A</key>
		<dict>
			<key>isa</key>
			<string>PBXFileReference</string>
			<key>lastKnownFileType</key>
			<string>wrapper.plug-in</string>
			<key>path</key>
			<string>MWPhotoBrowser.bundle</string>
			<key>sourceTree</key>
			<string>SOURCE_ROOT</string>
		</dict>
		<key>4C6F97C614AF74E200F8389A</key>
		<dict>
			<key>isa</key>
			<string>PBXFileReference</string>
			<key>lastKnownFileType</key>
			<string>wrapper.framework</string>
			<key>name</key>
			<string>MessageUI.framework</string>
			<key>path</key>
			<string>System/Library/Frameworks/MessageUI.framework</string>
			<key>sourceTree</key>
			<string>SDKROOT</string>
		</dict>
		<key>4C6F97C714AF74E200F8389A</key>
		<dict>
			<key>fileRef</key>
			<string>4C6F97C614AF74E200F8389A</string>
			<key>isa</key>
			<string>PBXBuildFile</string>
		</dict>
		<key>4C6F97E114AF7CCE00F8389A</key>
		<dict>
			<key>children</key>
			<array>
				<string>4C6F96CB14AF704100F8389A</string>
			</array>
			<key>isa</key>
			<string>PBXGroup</string>
			<key>name</key>
			<string>Supporting Files</string>
			<key>path</key>
			<string>MWPhotoBrowser</string>
			<key>sourceTree</key>
			<string>&lt;group&gt;</string>
		</dict>
		<key>4CB08BA214B1F38700730E9F</key>
		<dict>
			<key>fileEncoding</key>
			<string>4</string>
			<key>isa</key>
			<string>PBXFileReference</string>
			<key>lastKnownFileType</key>
			<string>sourcecode.c.h</string>
			<key>name</key>
			<string>MWPhotoProtocol.h</string>
			<key>path</key>
			<string>Classes/MWPhotoProtocol.h</string>
			<key>sourceTree</key>
			<string>SOURCE_ROOT</string>
		</dict>
		<key>4CB08BA314B1F38700730E9F</key>
		<dict>
			<key>fileRef</key>
			<string>4CB08BA214B1F38700730E9F</string>
			<key>isa</key>
			<string>PBXBuildFile</string>
		</dict>
		<key>5ABC989E63054455846AA3A0</key>
		<dict>
			<key>buildActionMask</key>
			<string>2147483647</string>
			<key>files</key>
			<array/>
			<key>inputPaths</key>
			<array/>
			<key>isa</key>
			<string>PBXShellScriptBuildPhase</string>
			<key>name</key>
			<string>Copy Pods Resources</string>
			<key>outputPaths</key>
			<array/>
			<key>runOnlyForDeploymentPostprocessing</key>
			<string>0</string>
			<key>shellPath</key>
			<string>/bin/sh</string>
			<key>shellScript</key>
			<string>"${SRCROOT}/Pods/Pods-resources.sh"
</string>
			<key>showEnvVarsInLog</key>
			<string>0</string>
		</dict>
		<key>F1A70F6B34E74081866C5CC2</key>
		<dict>
			<key>explicitFileType</key>
			<string>archive.ar</string>
			<key>includeInIndex</key>
			<string>0</string>
			<key>isa</key>
			<string>PBXFileReference</string>
			<key>path</key>
			<string>libPods.a</string>
			<key>sourceTree</key>
			<string>BUILT_PRODUCTS_DIR</string>
		</dict>
		<key>FB0FBAC6534A4EE3824529EE</key>
		<dict>
			<key>fileRef</key>
			<string>F1A70F6B34E74081866C5CC2</string>
			<key>isa</key>
			<string>PBXBuildFile</string>
		</dict>
	</dict>
	<key>rootObject</key>
	<string>4C6F96BB14AF704100F8389A</string>
</dict>
</plist>
